
Microsoft Visual Studio Solution File, Format Version 12.00
# Visual Studio Version 16
VisualStudioVersion = 16.0.33130.400
MinimumVisualStudioVersion = 10.0.40219.1
Project("{FAE04EC0-301F-11D3-BF4B-00C04F79EFBC}") = "Warehouse_management", "Warehouse_management\Warehouse_management.csproj", "{BA5BB8C6-623E-4C5B-8F9C-BD0D9AC8DDAA}"
EndProject
Global
	GlobalSection(SolutionConfigurationPlatforms) = preSolution
		Debug|Any CPU = Debug|Any CPU
		Release|Any CPU = Release|Any CPU
	EndGlobalSection
	GlobalSection(ProjectConfigurationPlatforms) = postSolution
		{BA5BB8C6-623E-4C5B-8F9C-BD0D9AC8DDAA}.Debug|Any CPU.ActiveCfg = Debug|Any CPU
		{BA5BB8C6-623E-4C5B-8F9C-BD0D9AC8DDAA}.Debug|Any CPU.Build.0 = Debug|Any CPU
		{BA5BB8C6-623E-4C5B-8F9C-BD0D9AC8DDAA}.Release|Any CPU.ActiveCfg = Release|Any CPU
		{BA5BB8C6-623E-4C5B-8F9C-BD0D9AC8DDAA}.Release|Any CPU.Build.0 = Release|Any CPU
	EndGlobalSection
	GlobalSection(SolutionProperties) = preSolution
		HideSolutionNode = FALSE
	EndGlobalSection
	GlobalSection(ExtensibilityGlobals) = postSolution
		SolutionGuid = {A20FD98C-3318-4388-891F-63CABDA5ACAB}
	EndGlobalSection
EndGlobal
